// !$*UTF8*$!
{
	archiveVersion = 1;
	classes = {
	};
	objectVersion = 52;
	objects = {

/* Begin PBXBuildFile section */
		CA286BF52556BDE900FADD71 /* MenuTableViewCell.swift in Sources */ = {isa = PBXBuildFile; fileRef = CA286BF32556BDE900FADD71 /* MenuTableViewCell.swift */; };
		CA286BF62556BDE900FADD71 /* MenuTableViewCell.xib in Resources */ = {isa = PBXBuildFile; fileRef = CA286BF42556BDE900FADD71 /* MenuTableViewCell.xib */; };
		CA286BFD2556C15100FADD71 /* Kingfisher in Frameworks */ = {isa = PBXBuildFile; productRef = CA286BFC2556C15100FADD71 /* Kingfisher */; };
		CA286C012556C16100FADD71 /* Kingfisher in Frameworks */ = {isa = PBXBuildFile; productRef = CA286C002556C16100FADD71 /* Kingfisher */; };
		CA286C042556C17A00FADD71 /* MenuTableViewCell.swift in Sources */ = {isa = PBXBuildFile; fileRef = CA286BF32556BDE900FADD71 /* MenuTableViewCell.swift */; };
		CA286C072556C17C00FADD71 /* MenuTableViewCell.xib in Resources */ = {isa = PBXBuildFile; fileRef = CA286BF42556BDE900FADD71 /* MenuTableViewCell.xib */; };
		CA286C0B2556C38800FADD71 /* MenuListViewModel.swift in Sources */ = {isa = PBXBuildFile; fileRef = CA286C0A2556C38800FADD71 /* MenuListViewModel.swift */; };
		CA286C0F2556C4BD00FADD71 /* GetShopDataGatewayAction.swift in Sources */ = {isa = PBXBuildFile; fileRef = CA286C0E2556C4BD00FADD71 /* GetShopDataGatewayAction.swift */; };
		CA286C122556C76500FADD71 /* MenuListViewModel.swift in Sources */ = {isa = PBXBuildFile; fileRef = CA286C0A2556C38800FADD71 /* MenuListViewModel.swift */; };
		CA286C152556C7B500FADD71 /* GetShopDataGatewayAction.swift in Sources */ = {isa = PBXBuildFile; fileRef = CA286C0E2556C4BD00FADD71 /* GetShopDataGatewayAction.swift */; };
		CA4185B9255691B2006433B8 /* RxSwift in Frameworks */ = {isa = PBXBuildFile; productRef = CA4185B8255691B2006433B8 /* RxSwift */; };
		CA4185BB255691B2006433B8 /* RxCocoa in Frameworks */ = {isa = PBXBuildFile; productRef = CA4185BA255691B2006433B8 /* RxCocoa */; };
		CA4185BD255691B2006433B8 /* RxRelay in Frameworks */ = {isa = PBXBuildFile; productRef = CA4185BC255691B2006433B8 /* RxRelay */; };
		CA4185C6255695CB006433B8 /* Action in Frameworks */ = {isa = PBXBuildFile; productRef = CA4185C5255695CB006433B8 /* Action */; };
		CA4185CB255695E8006433B8 /* Moya in Frameworks */ = {isa = PBXBuildFile; productRef = CA4185CA255695E8006433B8 /* Moya */; };
		CA4185CD255695E8006433B8 /* RxMoya in Frameworks */ = {isa = PBXBuildFile; productRef = CA4185CC255695E8006433B8 /* RxMoya */; };
		CA4185E225569F37006433B8 /* KaikaiAPI.swift in Sources */ = {isa = PBXBuildFile; fileRef = CA4185E125569F37006433B8 /* KaikaiAPI.swift */; };
		CA4185E92556A090006433B8 /* GetShopsDataGatewayAction.swift in Sources */ = {isa = PBXBuildFile; fileRef = CA4185E82556A090006433B8 /* GetShopsDataGatewayAction.swift */; };
		CAAFB729253B131600B26DE2 /* AppDelegate.swift in Sources */ = {isa = PBXBuildFile; fileRef = CAAFB728253B131600B26DE2 /* AppDelegate.swift */; };
		CAAFB72B253B131600B26DE2 /* SceneDelegate.swift in Sources */ = {isa = PBXBuildFile; fileRef = CAAFB72A253B131600B26DE2 /* SceneDelegate.swift */; };
		CAAFB732253B131900B26DE2 /* Assets.xcassets in Resources */ = {isa = PBXBuildFile; fileRef = CAAFB731253B131900B26DE2 /* Assets.xcassets */; };
		CAFC4BA92554129900EC056A /* PKHUD in Frameworks */ = {isa = PBXBuildFile; productRef = CAFC4BA82554129900EC056A /* PKHUD */; };
		CAFC4BB32554320E00EC056A /* AppError.swift in Sources */ = {isa = PBXBuildFile; fileRef = CAFC4BB22554320E00EC056A /* AppError.swift */; };
		D300636125569F5000944A15 /* RxCocoa in Frameworks */ = {isa = PBXBuildFile; productRef = D300636025569F5000944A15 /* RxCocoa */; };
		D300636325569F5000944A15 /* RxRelay in Frameworks */ = {isa = PBXBuildFile; productRef = D300636225569F5000944A15 /* RxRelay */; };
		D300636725569F5000944A15 /* Action in Frameworks */ = {isa = PBXBuildFile; productRef = D300636625569F5000944A15 /* Action */; };
		D300636925569F5000944A15 /* Moya in Frameworks */ = {isa = PBXBuildFile; productRef = D300636825569F5000944A15 /* Moya */; };
		D31401DA25567CB300C30923 /* ModelMockable.swift in Sources */ = {isa = PBXBuildFile; fileRef = D31401D725567CB300C30923 /* ModelMockable.swift */; };
		D3527A322556B58200836361 /* RxSwift in Frameworks */ = {isa = PBXBuildFile; productRef = CA4185D725569EE4006433B8 /* RxSwift */; };
		D3527A352556B58200836361 /* RxMoya in Frameworks */ = {isa = PBXBuildFile; productRef = CA4185DD25569EE4006433B8 /* RxMoya */; };
		D3527A4F2556B79800836361 /* PKHUD in Frameworks */ = {isa = PBXBuildFile; productRef = D3527A4E2556B79800836361 /* PKHUD */; };
		D3527A5C2556B7BE00836361 /* MenuListViewController.xib in Resources */ = {isa = PBXBuildFile; fileRef = D3527A542556B7BE00836361 /* MenuListViewController.xib */; };
		D3527A5D2556B7BE00836361 /* MenuListViewController.xib in Resources */ = {isa = PBXBuildFile; fileRef = D3527A542556B7BE00836361 /* MenuListViewController.xib */; };
		D3527A5E2556B7BE00836361 /* MenuListViewController.swift in Sources */ = {isa = PBXBuildFile; fileRef = D3527A552556B7BE00836361 /* MenuListViewController.swift */; };
		D3527A5F2556B7BE00836361 /* MenuListViewController.swift in Sources */ = {isa = PBXBuildFile; fileRef = D3527A552556B7BE00836361 /* MenuListViewController.swift */; };
		D3527A602556B7BE00836361 /* MapViewController.swift in Sources */ = {isa = PBXBuildFile; fileRef = D3527A572556B7BE00836361 /* MapViewController.swift */; };
		D3527A612556B7BE00836361 /* MapViewController.swift in Sources */ = {isa = PBXBuildFile; fileRef = D3527A572556B7BE00836361 /* MapViewController.swift */; };
		D3527A622556B7BE00836361 /* MapViewController.xib in Resources */ = {isa = PBXBuildFile; fileRef = D3527A582556B7BE00836361 /* MapViewController.xib */; };
		D3527A632556B7BE00836361 /* MapViewController.xib in Resources */ = {isa = PBXBuildFile; fileRef = D3527A582556B7BE00836361 /* MapViewController.xib */; };
		D3527A642556B7BE00836361 /* MenuViewController.xib in Resources */ = {isa = PBXBuildFile; fileRef = D3527A5A2556B7BE00836361 /* MenuViewController.xib */; };
		D3527A652556B7BE00836361 /* MenuViewController.xib in Resources */ = {isa = PBXBuildFile; fileRef = D3527A5A2556B7BE00836361 /* MenuViewController.xib */; };
		D3527A662556B7BE00836361 /* MenuViewController.swift in Sources */ = {isa = PBXBuildFile; fileRef = D3527A5B2556B7BE00836361 /* MenuViewController.swift */; };
		D3527A672556B7BE00836361 /* MenuViewController.swift in Sources */ = {isa = PBXBuildFile; fileRef = D3527A5B2556B7BE00836361 /* MenuViewController.swift */; };
		D3527A6E2556B83400836361 /* DataGatewayAction.swift in Sources */ = {isa = PBXBuildFile; fileRef = D31401D525567CB300C30923 /* DataGatewayAction.swift */; };
		D3527A712556B83400836361 /* DataGatewayAction.swift in Sources */ = {isa = PBXBuildFile; fileRef = D31401D525567CB300C30923 /* DataGatewayAction.swift */; };
		D3527A742556B83700836361 /* DataGateway.swift in Sources */ = {isa = PBXBuildFile; fileRef = D31401D425567CB300C30923 /* DataGateway.swift */; };
		D3527A772556B83700836361 /* DataGateway.swift in Sources */ = {isa = PBXBuildFile; fileRef = D31401D425567CB300C30923 /* DataGateway.swift */; };
		D3527A7A2556B83A00836361 /* GetShopsDataGatewayAction.swift in Sources */ = {isa = PBXBuildFile; fileRef = CA4185E82556A090006433B8 /* GetShopsDataGatewayAction.swift */; };
		D3527A7D2556BA2000836361 /* KaikaiAPI.swift in Sources */ = {isa = PBXBuildFile; fileRef = CA4185E125569F37006433B8 /* KaikaiAPI.swift */; };
		D379165B25568F2F0015BE4F /* Menu.swift in Sources */ = {isa = PBXBuildFile; fileRef = D379165A25568F2F0015BE4F /* Menu.swift */; };
		D379165F25568F710015BE4F /* Shop.swift in Sources */ = {isa = PBXBuildFile; fileRef = D379165E25568F710015BE4F /* Shop.swift */; };
		D3816B682556845A0069BF53 /* AppDelegate.swift in Sources */ = {isa = PBXBuildFile; fileRef = D3816B672556845A0069BF53 /* AppDelegate.swift */; };
		D3816B6A2556845A0069BF53 /* SceneDelegate.swift in Sources */ = {isa = PBXBuildFile; fileRef = D3816B692556845A0069BF53 /* SceneDelegate.swift */; };
		D3816B792556845B0069BF53 /* spajam-final-product-clip.app in Embed App Clips */ = {isa = PBXBuildFile; fileRef = D3816B652556845A0069BF53 /* spajam-final-product-clip.app */; settings = {ATTRIBUTES = (RemoveHeadersOnCopy, ); }; };
		D3816B81255684D50069BF53 /* Assets.xcassets in Resources */ = {isa = PBXBuildFile; fileRef = CAAFB731253B131900B26DE2 /* Assets.xcassets */; };
		D3816BB32556890F0069BF53 /* AppError.swift in Sources */ = {isa = PBXBuildFile; fileRef = CAFC4BB22554320E00EC056A /* AppError.swift */; };
		D38F780025569B1400E1B26E /* PayService.swift in Sources */ = {isa = PBXBuildFile; fileRef = D38F77FF25569B1400E1B26E /* PayService.swift */; };
		D38F780125569B1400E1B26E /* PayService.swift in Sources */ = {isa = PBXBuildFile; fileRef = D38F77FF25569B1400E1B26E /* PayService.swift */; };
		D38F780925569B2400E1B26E /* Shop.swift in Sources */ = {isa = PBXBuildFile; fileRef = D379165E25568F710015BE4F /* Shop.swift */; };
		D38F780A25569B2400E1B26E /* Menu.swift in Sources */ = {isa = PBXBuildFile; fileRef = D379165A25568F2F0015BE4F /* Menu.swift */; };
		D38F780B25569B2400E1B26E /* ModelMockable.swift in Sources */ = {isa = PBXBuildFile; fileRef = D31401D725567CB300C30923 /* ModelMockable.swift */; };
/* End PBXBuildFile section */

/* Begin PBXContainerItemProxy section */
		D3816B772556845B0069BF53 /* PBXContainerItemProxy */ = {
			isa = PBXContainerItemProxy;
			containerPortal = CAAFB71D253B131600B26DE2 /* Project object */;
			proxyType = 1;
			remoteGlobalIDString = D3816B642556845A0069BF53;
			remoteInfo = "spajam-final-product-clip";
		};
/* End PBXContainerItemProxy section */

/* Begin PBXCopyFilesBuildPhase section */
		D3816B5625567E710069BF53 /* Embed App Clips */ = {
			isa = PBXCopyFilesBuildPhase;
			buildActionMask = 2147483647;
			dstPath = "$(CONTENTS_FOLDER_PATH)/AppClips";
			dstSubfolderSpec = 16;
			files = (
				D3816B792556845B0069BF53 /* spajam-final-product-clip.app in Embed App Clips */,
			);
			name = "Embed App Clips";
			runOnlyForDeploymentPostprocessing = 0;
		};
/* End PBXCopyFilesBuildPhase section */

/* Begin PBXFileReference section */
		CA286BF32556BDE900FADD71 /* MenuTableViewCell.swift */ = {isa = PBXFileReference; lastKnownFileType = sourcecode.swift; path = MenuTableViewCell.swift; sourceTree = "<group>"; };
		CA286BF42556BDE900FADD71 /* MenuTableViewCell.xib */ = {isa = PBXFileReference; lastKnownFileType = file.xib; path = MenuTableViewCell.xib; sourceTree = "<group>"; };
		CA286C0A2556C38800FADD71 /* MenuListViewModel.swift */ = {isa = PBXFileReference; lastKnownFileType = sourcecode.swift; path = MenuListViewModel.swift; sourceTree = "<group>"; };
		CA286C0E2556C4BD00FADD71 /* GetShopDataGatewayAction.swift */ = {isa = PBXFileReference; lastKnownFileType = sourcecode.swift; path = GetShopDataGatewayAction.swift; sourceTree = "<group>"; };
		CA4185E125569F37006433B8 /* KaikaiAPI.swift */ = {isa = PBXFileReference; lastKnownFileType = sourcecode.swift; path = KaikaiAPI.swift; sourceTree = "<group>"; };
		CA4185E82556A090006433B8 /* GetShopsDataGatewayAction.swift */ = {isa = PBXFileReference; lastKnownFileType = sourcecode.swift; path = GetShopsDataGatewayAction.swift; sourceTree = "<group>"; };
		CA41861A2556B2C2006433B8 /* MapViewController.swift */ = {isa = PBXFileReference; lastKnownFileType = sourcecode.swift; path = MapViewController.swift; sourceTree = "<group>"; };
		CA41861B2556B2C2006433B8 /* MapViewController.xib */ = {isa = PBXFileReference; lastKnownFileType = file.xib; path = MapViewController.xib; sourceTree = "<group>"; };
		CA4186232556B2DB006433B8 /* MenuListViewController.swift */ = {isa = PBXFileReference; lastKnownFileType = sourcecode.swift; path = MenuListViewController.swift; sourceTree = "<group>"; };
		CA4186242556B2DB006433B8 /* MenuListViewController.xib */ = {isa = PBXFileReference; lastKnownFileType = file.xib; path = MenuListViewController.xib; sourceTree = "<group>"; };
		CA41862A2556B2EF006433B8 /* MenuViewController.swift */ = {isa = PBXFileReference; lastKnownFileType = sourcecode.swift; path = MenuViewController.swift; sourceTree = "<group>"; };
		CA41862B2556B2EF006433B8 /* MenuViewController.xib */ = {isa = PBXFileReference; lastKnownFileType = file.xib; path = MenuViewController.xib; sourceTree = "<group>"; };
		CAAFB725253B131600B26DE2 /* spajam-final-product.app */ = {isa = PBXFileReference; explicitFileType = wrapper.application; includeInIndex = 0; path = "spajam-final-product.app"; sourceTree = BUILT_PRODUCTS_DIR; };
		CAAFB728253B131600B26DE2 /* AppDelegate.swift */ = {isa = PBXFileReference; lastKnownFileType = sourcecode.swift; path = AppDelegate.swift; sourceTree = "<group>"; };
		CAAFB72A253B131600B26DE2 /* SceneDelegate.swift */ = {isa = PBXFileReference; lastKnownFileType = sourcecode.swift; path = SceneDelegate.swift; sourceTree = "<group>"; };
		CAAFB731253B131900B26DE2 /* Assets.xcassets */ = {isa = PBXFileReference; lastKnownFileType = folder.assetcatalog; path = Assets.xcassets; sourceTree = "<group>"; };
		CAAFB734253B131900B26DE2 /* Base */ = {isa = PBXFileReference; lastKnownFileType = file.storyboard; name = Base; path = Base.lproj/LaunchScreen.storyboard; sourceTree = "<group>"; };
		CAAFB736253B131900B26DE2 /* Info.plist */ = {isa = PBXFileReference; lastKnownFileType = text.plist.xml; path = Info.plist; sourceTree = "<group>"; };
		CAFC4BB22554320E00EC056A /* AppError.swift */ = {isa = PBXFileReference; lastKnownFileType = sourcecode.swift; path = AppError.swift; sourceTree = "<group>"; };
		D31401D425567CB300C30923 /* DataGateway.swift */ = {isa = PBXFileReference; fileEncoding = 4; lastKnownFileType = sourcecode.swift; path = DataGateway.swift; sourceTree = "<group>"; };
		D31401D525567CB300C30923 /* DataGatewayAction.swift */ = {isa = PBXFileReference; fileEncoding = 4; lastKnownFileType = sourcecode.swift; path = DataGatewayAction.swift; sourceTree = "<group>"; };
		D31401D725567CB300C30923 /* ModelMockable.swift */ = {isa = PBXFileReference; fileEncoding = 4; lastKnownFileType = sourcecode.swift; path = ModelMockable.swift; sourceTree = "<group>"; };
		D3527A542556B7BE00836361 /* MenuListViewController.xib */ = {isa = PBXFileReference; fileEncoding = 4; lastKnownFileType = file.xib; path = MenuListViewController.xib; sourceTree = "<group>"; };
		D3527A552556B7BE00836361 /* MenuListViewController.swift */ = {isa = PBXFileReference; fileEncoding = 4; lastKnownFileType = sourcecode.swift; path = MenuListViewController.swift; sourceTree = "<group>"; };
		D3527A572556B7BE00836361 /* MapViewController.swift */ = {isa = PBXFileReference; fileEncoding = 4; lastKnownFileType = sourcecode.swift; path = MapViewController.swift; sourceTree = "<group>"; };
		D3527A582556B7BE00836361 /* MapViewController.xib */ = {isa = PBXFileReference; fileEncoding = 4; lastKnownFileType = file.xib; path = MapViewController.xib; sourceTree = "<group>"; };
		D3527A5A2556B7BE00836361 /* MenuViewController.xib */ = {isa = PBXFileReference; fileEncoding = 4; lastKnownFileType = file.xib; path = MenuViewController.xib; sourceTree = "<group>"; };
		D3527A5B2556B7BE00836361 /* MenuViewController.swift */ = {isa = PBXFileReference; fileEncoding = 4; lastKnownFileType = sourcecode.swift; path = MenuViewController.swift; sourceTree = "<group>"; };
		D379165A25568F2F0015BE4F /* Menu.swift */ = {isa = PBXFileReference; lastKnownFileType = sourcecode.swift; path = Menu.swift; sourceTree = "<group>"; };
		D379165E25568F710015BE4F /* Shop.swift */ = {isa = PBXFileReference; lastKnownFileType = sourcecode.swift; path = Shop.swift; sourceTree = "<group>"; };
		D3816B652556845A0069BF53 /* spajam-final-product-clip.app */ = {isa = PBXFileReference; explicitFileType = wrapper.application; includeInIndex = 0; path = "spajam-final-product-clip.app"; sourceTree = BUILT_PRODUCTS_DIR; };
		D3816B672556845A0069BF53 /* AppDelegate.swift */ = {isa = PBXFileReference; lastKnownFileType = sourcecode.swift; path = AppDelegate.swift; sourceTree = "<group>"; };
		D3816B692556845A0069BF53 /* SceneDelegate.swift */ = {isa = PBXFileReference; lastKnownFileType = sourcecode.swift; path = SceneDelegate.swift; sourceTree = "<group>"; };
		D3816B732556845B0069BF53 /* Base */ = {isa = PBXFileReference; lastKnownFileType = file.storyboard; name = Base; path = Base.lproj/LaunchScreen.storyboard; sourceTree = "<group>"; };
		D3816B752556845B0069BF53 /* Info.plist */ = {isa = PBXFileReference; lastKnownFileType = text.plist.xml; path = Info.plist; sourceTree = "<group>"; };
		D3816B762556845B0069BF53 /* spajam_final_product_clip.entitlements */ = {isa = PBXFileReference; lastKnownFileType = text.plist.entitlements; path = spajam_final_product_clip.entitlements; sourceTree = "<group>"; };
		D3816B84255684FA0069BF53 /* spajam-final-product.entitlements */ = {isa = PBXFileReference; lastKnownFileType = text.plist.entitlements; path = "spajam-final-product.entitlements"; sourceTree = "<group>"; };
		D3816BA8255687B80069BF53 /* PayService.swift */ = {isa = PBXFileReference; lastKnownFileType = sourcecode.swift; path = PayService.swift; sourceTree = "<group>"; };
		D38F77FF25569B1400E1B26E /* PayService.swift */ = {isa = PBXFileReference; fileEncoding = 4; lastKnownFileType = sourcecode.swift; path = PayService.swift; sourceTree = "<group>"; };
/* End PBXFileReference section */

/* Begin PBXFrameworksBuildPhase section */
		CAAFB722253B131600B26DE2 /* Frameworks */ = {
			isa = PBXFrameworksBuildPhase;
			buildActionMask = 2147483647;
			files = (
				CA4185C6255695CB006433B8 /* Action in Frameworks */,
				CA4185BB255691B2006433B8 /* RxCocoa in Frameworks */,
				CA4185CB255695E8006433B8 /* Moya in Frameworks */,
				CA4185B9255691B2006433B8 /* RxSwift in Frameworks */,
				CA286BFD2556C15100FADD71 /* Kingfisher in Frameworks */,
				CA4185CD255695E8006433B8 /* RxMoya in Frameworks */,
				CA4185BD255691B2006433B8 /* RxRelay in Frameworks */,
				CAFC4BA92554129900EC056A /* PKHUD in Frameworks */,
			);
			runOnlyForDeploymentPostprocessing = 0;
		};
		D3816B622556845A0069BF53 /* Frameworks */ = {
			isa = PBXFrameworksBuildPhase;
			buildActionMask = 2147483647;
			files = (
				D3527A352556B58200836361 /* RxMoya in Frameworks */,
				D300636725569F5000944A15 /* Action in Frameworks */,
				D3527A322556B58200836361 /* RxSwift in Frameworks */,
				D300636325569F5000944A15 /* RxRelay in Frameworks */,
				CA286C012556C16100FADD71 /* Kingfisher in Frameworks */,
				D300636925569F5000944A15 /* Moya in Frameworks */,
				D300636125569F5000944A15 /* RxCocoa in Frameworks */,
				D3527A4F2556B79800836361 /* PKHUD in Frameworks */,
			);
			runOnlyForDeploymentPostprocessing = 0;
		};
/* End PBXFrameworksBuildPhase section */

/* Begin PBXGroup section */
		CA286BF12556BDC900FADD71 /* Views */ = {
			isa = PBXGroup;
			children = (
				CA286BF22556BDD400FADD71 /* MenuCell */,
			);
			path = Views;
			sourceTree = "<group>";
		};
		CA286BF22556BDD400FADD71 /* MenuCell */ = {
			isa = PBXGroup;
			children = (
				CA286BF32556BDE900FADD71 /* MenuTableViewCell.swift */,
				CA286BF42556BDE900FADD71 /* MenuTableViewCell.xib */,
			);
			path = MenuCell;
			sourceTree = "<group>";
		};
		CA4185D225569EA0006433B8 /* API */ = {
			isa = PBXGroup;
			children = (
				CA4185E125569F37006433B8 /* KaikaiAPI.swift */,
			);
			path = API;
			sourceTree = "<group>";
		};
		CA4185E72556A079006433B8 /* DataGateway */ = {
			isa = PBXGroup;
			children = (
				CA4185E82556A090006433B8 /* GetShopsDataGatewayAction.swift */,
				CA286C0E2556C4BD00FADD71 /* GetShopDataGatewayAction.swift */,
			);
			path = DataGateway;
			sourceTree = "<group>";
		};
		CAAFB71C253B131600B26DE2 = {
			isa = PBXGroup;
			children = (
				D31401D225567CB300C30923 /* Shared */,
				CAAFB727253B131600B26DE2 /* spajam-final-product */,
				D3816B662556845A0069BF53 /* spajam-final-product-clip */,
				CAAFB726253B131600B26DE2 /* Products */,
				D3816BA3255686970069BF53 /* Frameworks */,
				D38F77F925569AA100E1B26E /* Recovered References */,
			);
			sourceTree = "<group>";
		};
		CAAFB726253B131600B26DE2 /* Products */ = {
			isa = PBXGroup;
			children = (
				CAAFB725253B131600B26DE2 /* spajam-final-product.app */,
				D3816B652556845A0069BF53 /* spajam-final-product-clip.app */,
			);
			name = Products;
			sourceTree = "<group>";
		};
		CAAFB727253B131600B26DE2 /* spajam-final-product */ = {
			isa = PBXGroup;
			children = (
				D3816B84255684FA0069BF53 /* spajam-final-product.entitlements */,
				CAAFB728253B131600B26DE2 /* AppDelegate.swift */,
				CAAFB72A253B131600B26DE2 /* SceneDelegate.swift */,
				CAAFB733253B131900B26DE2 /* LaunchScreen.storyboard */,
				CAAFB736253B131900B26DE2 /* Info.plist */,
			);
			path = "spajam-final-product";
			sourceTree = "<group>";
		};
		D31401D225567CB300C30923 /* Shared */ = {
			isa = PBXGroup;
			children = (
				CA286BF12556BDC900FADD71 /* Views */,
				D3527A522556B7BE00836361 /* ViewControllers */,
				D38F77FE25569B1400E1B26E /* Pay */,
				CAAFB731253B131900B26DE2 /* Assets.xcassets */,
				CAFC4BB22554320E00EC056A /* AppError.swift */,
				D31401D325567CB300C30923 /* DataGateway */,
				CA4185D225569EA0006433B8 /* API */,
				D31401D625567CB300C30923 /* Model */,
			);
			name = Shared;
			path = "spajam-final-product/Shared";
			sourceTree = "<group>";
		};
		D31401D325567CB300C30923 /* DataGateway */ = {
			isa = PBXGroup;
			children = (
				D31401D425567CB300C30923 /* DataGateway.swift */,
				D31401D525567CB300C30923 /* DataGatewayAction.swift */,
				CA4185E72556A079006433B8 /* DataGateway */,
			);
			path = DataGateway;
			sourceTree = "<group>";
		};
		D31401D625567CB300C30923 /* Model */ = {
			isa = PBXGroup;
			children = (
				D31401D725567CB300C30923 /* ModelMockable.swift */,
				D379165A25568F2F0015BE4F /* Menu.swift */,
				D379165E25568F710015BE4F /* Shop.swift */,
			);
			path = Model;
			sourceTree = "<group>";
		};
		D3527A522556B7BE00836361 /* ViewControllers */ = {
			isa = PBXGroup;
			children = (
				D3527A532556B7BE00836361 /* MenuList */,
				D3527A562556B7BE00836361 /* Map */,
				D3527A592556B7BE00836361 /* Menu */,
			);
			path = ViewControllers;
			sourceTree = "<group>";
		};
		D3527A532556B7BE00836361 /* MenuList */ = {
			isa = PBXGroup;
			children = (
				D3527A542556B7BE00836361 /* MenuListViewController.xib */,
				D3527A552556B7BE00836361 /* MenuListViewController.swift */,
				CA286C0A2556C38800FADD71 /* MenuListViewModel.swift */,
			);
			path = MenuList;
			sourceTree = "<group>";
		};
		D3527A562556B7BE00836361 /* Map */ = {
			isa = PBXGroup;
			children = (
				D3527A572556B7BE00836361 /* MapViewController.swift */,
				D3527A582556B7BE00836361 /* MapViewController.xib */,
			);
			path = Map;
			sourceTree = "<group>";
		};
		D3527A592556B7BE00836361 /* Menu */ = {
			isa = PBXGroup;
			children = (
				D3527A5A2556B7BE00836361 /* MenuViewController.xib */,
				D3527A5B2556B7BE00836361 /* MenuViewController.swift */,
			);
			path = Menu;
			sourceTree = "<group>";
		};
		D3816B662556845A0069BF53 /* spajam-final-product-clip */ = {
			isa = PBXGroup;
			children = (
				D3816B672556845A0069BF53 /* AppDelegate.swift */,
				D3816B692556845A0069BF53 /* SceneDelegate.swift */,
				D3816B722556845B0069BF53 /* LaunchScreen.storyboard */,
				D3816B752556845B0069BF53 /* Info.plist */,
				D3816B762556845B0069BF53 /* spajam_final_product_clip.entitlements */,
			);
			path = "spajam-final-product-clip";
			sourceTree = "<group>";
		};
		D3816BA3255686970069BF53 /* Frameworks */ = {
			isa = PBXGroup;
			children = (
			);
			name = Frameworks;
			sourceTree = "<group>";
		};
		D38F77F925569AA100E1B26E /* Recovered References */ = {
			isa = PBXGroup;
			children = (
				D3816BA8255687B80069BF53 /* PayService.swift */,
				CA41862A2556B2EF006433B8 /* MenuViewController.swift */,
				CA4186232556B2DB006433B8 /* MenuListViewController.swift */,
				CA41861A2556B2C2006433B8 /* MapViewController.swift */,
				CA4186242556B2DB006433B8 /* MenuListViewController.xib */,
				CA41862B2556B2EF006433B8 /* MenuViewController.xib */,
				CA41861B2556B2C2006433B8 /* MapViewController.xib */,
			);
			name = "Recovered References";
			sourceTree = "<group>";
		};
		D38F77FE25569B1400E1B26E /* Pay */ = {
			isa = PBXGroup;
			children = (
				D38F77FF25569B1400E1B26E /* PayService.swift */,
			);
			path = Pay;
			sourceTree = "<group>";
		};
/* End PBXGroup section */

/* Begin PBXNativeTarget section */
		CAAFB724253B131600B26DE2 /* spajam-final-product */ = {
			isa = PBXNativeTarget;
			buildConfigurationList = CAAFB739253B131900B26DE2 /* Build configuration list for PBXNativeTarget "spajam-final-product" */;
			buildPhases = (
				CAAFB721253B131600B26DE2 /* Sources */,
				CAAFB722253B131600B26DE2 /* Frameworks */,
				CAAFB723253B131600B26DE2 /* Resources */,
				D3816B5625567E710069BF53 /* Embed App Clips */,
			);
			buildRules = (
			);
			dependencies = (
				D3816B782556845B0069BF53 /* PBXTargetDependency */,
			);
			name = "spajam-final-product";
			packageProductDependencies = (
				CAFC4BA82554129900EC056A /* PKHUD */,
				CA4185B8255691B2006433B8 /* RxSwift */,
				CA4185BA255691B2006433B8 /* RxCocoa */,
				CA4185BC255691B2006433B8 /* RxRelay */,
				CA4185C5255695CB006433B8 /* Action */,
				CA4185CA255695E8006433B8 /* Moya */,
				CA4185CC255695E8006433B8 /* RxMoya */,
				CA286BFC2556C15100FADD71 /* Kingfisher */,
			);
			productName = "spajam-final-product";
			productReference = CAAFB725253B131600B26DE2 /* spajam-final-product.app */;
			productType = "com.apple.product-type.application";
		};
		D3816B642556845A0069BF53 /* spajam-final-product-clip */ = {
			isa = PBXNativeTarget;
			buildConfigurationList = D3816B7A2556845B0069BF53 /* Build configuration list for PBXNativeTarget "spajam-final-product-clip" */;
			buildPhases = (
				D3816B612556845A0069BF53 /* Sources */,
				D3816B622556845A0069BF53 /* Frameworks */,
				D3816B632556845A0069BF53 /* Resources */,
			);
			buildRules = (
			);
			dependencies = (
			);
			name = "spajam-final-product-clip";
			packageProductDependencies = (
				CA4185D725569EE4006433B8 /* RxSwift */,
				CA4185DD25569EE4006433B8 /* RxMoya */,
				D3527A4E2556B79800836361 /* PKHUD */,
				CA286C002556C16100FADD71 /* Kingfisher */,
			);
			productName = "spajam-final-product-clip";
			productReference = D3816B652556845A0069BF53 /* spajam-final-product-clip.app */;
			productType = "com.apple.product-type.application.on-demand-install-capable";
		};
/* End PBXNativeTarget section */

/* Begin PBXProject section */
		CAAFB71D253B131600B26DE2 /* Project object */ = {
			isa = PBXProject;
			attributes = {
				LastSwiftUpdateCheck = 1210;
				LastUpgradeCheck = 1200;
				TargetAttributes = {
					CAAFB724253B131600B26DE2 = {
						CreatedOnToolsVersion = 12.0.1;
					};
					D3816B642556845A0069BF53 = {
						CreatedOnToolsVersion = 12.1;
					};
				};
			};
			buildConfigurationList = CAAFB720253B131600B26DE2 /* Build configuration list for PBXProject "spajam-final-product" */;
			compatibilityVersion = "Xcode 9.3";
			developmentRegion = en;
			hasScannedForEncodings = 0;
			knownRegions = (
				en,
				Base,
			);
			mainGroup = CAAFB71C253B131600B26DE2;
			packageReferences = (
				CAFC4BA72554129900EC056A /* XCRemoteSwiftPackageReference "PKHUD" */,
				CA4185B7255691B2006433B8 /* XCRemoteSwiftPackageReference "RxSwift" */,
				CA4185C4255695CB006433B8 /* XCRemoteSwiftPackageReference "Action" */,
				CA4185C9255695E8006433B8 /* XCRemoteSwiftPackageReference "Moya" */,
				CA286BFB2556C15100FADD71 /* XCRemoteSwiftPackageReference "Kingfisher" */,
			);
			productRefGroup = CAAFB726253B131600B26DE2 /* Products */;
			projectDirPath = "";
			projectRoot = "";
			targets = (
				CAAFB724253B131600B26DE2 /* spajam-final-product */,
				D3816B642556845A0069BF53 /* spajam-final-product-clip */,
			);
		};
/* End PBXProject section */

/* Begin PBXResourcesBuildPhase section */
		CAAFB723253B131600B26DE2 /* Resources */ = {
			isa = PBXResourcesBuildPhase;
			buildActionMask = 2147483647;
			files = (
				D3527A642556B7BE00836361 /* MenuViewController.xib in Resources */,
				CAAFB732253B131900B26DE2 /* Assets.xcassets in Resources */,
				D3527A622556B7BE00836361 /* MapViewController.xib in Resources */,
				CA286BF62556BDE900FADD71 /* MenuTableViewCell.xib in Resources */,
				D3527A5C2556B7BE00836361 /* MenuListViewController.xib in Resources */,
			);
			runOnlyForDeploymentPostprocessing = 0;
		};
		D3816B632556845A0069BF53 /* Resources */ = {
			isa = PBXResourcesBuildPhase;
			buildActionMask = 2147483647;
			files = (
				D3527A652556B7BE00836361 /* MenuViewController.xib in Resources */,
				D3816B81255684D50069BF53 /* Assets.xcassets in Resources */,
				D3527A632556B7BE00836361 /* MapViewController.xib in Resources */,
				CA286C072556C17C00FADD71 /* MenuTableViewCell.xib in Resources */,
				D3527A5D2556B7BE00836361 /* MenuListViewController.xib in Resources */,
			);
			runOnlyForDeploymentPostprocessing = 0;
		};
/* End PBXResourcesBuildPhase section */

/* Begin PBXSourcesBuildPhase section */
		CAAFB721253B131600B26DE2 /* Sources */ = {
			isa = PBXSourcesBuildPhase;
			buildActionMask = 2147483647;
			files = (
				D3527A602556B7BE00836361 /* MapViewController.swift in Sources */,
				CA286C0F2556C4BD00FADD71 /* GetShopDataGatewayAction.swift in Sources */,
				CA4185E92556A090006433B8 /* GetShopsDataGatewayAction.swift in Sources */,
				D379165B25568F2F0015BE4F /* Menu.swift in Sources */,
				D3527A6E2556B83400836361 /* DataGatewayAction.swift in Sources */,
				CAFC4BB32554320E00EC056A /* AppError.swift in Sources */,
				CA4185E225569F37006433B8 /* KaikaiAPI.swift in Sources */,
				D3527A742556B83700836361 /* DataGateway.swift in Sources */,
				D31401DA25567CB300C30923 /* ModelMockable.swift in Sources */,
				D379165F25568F710015BE4F /* Shop.swift in Sources */,
				D3527A662556B7BE00836361 /* MenuViewController.swift in Sources */,
				CAAFB729253B131600B26DE2 /* AppDelegate.swift in Sources */,
				D38F780025569B1400E1B26E /* PayService.swift in Sources */,
				CAAFB72B253B131600B26DE2 /* SceneDelegate.swift in Sources */,
				D3527A5E2556B7BE00836361 /* MenuListViewController.swift in Sources */,
				CA286BF52556BDE900FADD71 /* MenuTableViewCell.swift in Sources */,
				CA286C0B2556C38800FADD71 /* MenuListViewModel.swift in Sources */,
			);
			runOnlyForDeploymentPostprocessing = 0;
		};
		D3816B612556845A0069BF53 /* Sources */ = {
			isa = PBXSourcesBuildPhase;
			buildActionMask = 2147483647;
			files = (
				D3527A712556B83400836361 /* DataGatewayAction.swift in Sources */,
				CA286C152556C7B500FADD71 /* GetShopDataGatewayAction.swift in Sources */,
				D3816B682556845A0069BF53 /* AppDelegate.swift in Sources */,
				D38F780A25569B2400E1B26E /* Menu.swift in Sources */,
				D3527A612556B7BE00836361 /* MapViewController.swift in Sources */,
				D3527A672556B7BE00836361 /* MenuViewController.swift in Sources */,
				D3527A5F2556B7BE00836361 /* MenuListViewController.swift in Sources */,
				D3816B6A2556845A0069BF53 /* SceneDelegate.swift in Sources */,
				D38F780B25569B2400E1B26E /* ModelMockable.swift in Sources */,
				D38F780925569B2400E1B26E /* Shop.swift in Sources */,
				D38F780125569B1400E1B26E /* PayService.swift in Sources */,
				D3527A772556B83700836361 /* DataGateway.swift in Sources */,
				D3816BB32556890F0069BF53 /* AppError.swift in Sources */,
				D3527A7D2556BA2000836361 /* KaikaiAPI.swift in Sources */,
				D3527A7A2556B83A00836361 /* GetShopsDataGatewayAction.swift in Sources */,
				CA286C042556C17A00FADD71 /* MenuTableViewCell.swift in Sources */,
				CA286C122556C76500FADD71 /* MenuListViewModel.swift in Sources */,
			);
			runOnlyForDeploymentPostprocessing = 0;
		};
/* End PBXSourcesBuildPhase section */

/* Begin PBXTargetDependency section */
		D3816B782556845B0069BF53 /* PBXTargetDependency */ = {
			isa = PBXTargetDependency;
			target = D3816B642556845A0069BF53 /* spajam-final-product-clip */;
			targetProxy = D3816B772556845B0069BF53 /* PBXContainerItemProxy */;
		};
/* End PBXTargetDependency section */

/* Begin PBXVariantGroup section */
		CAAFB733253B131900B26DE2 /* LaunchScreen.storyboard */ = {
			isa = PBXVariantGroup;
			children = (
				CAAFB734253B131900B26DE2 /* Base */,
			);
			name = LaunchScreen.storyboard;
			sourceTree = "<group>";
		};
		D3816B722556845B0069BF53 /* LaunchScreen.storyboard */ = {
			isa = PBXVariantGroup;
			children = (
				D3816B732556845B0069BF53 /* Base */,
			);
			name = LaunchScreen.storyboard;
			sourceTree = "<group>";
		};
/* End PBXVariantGroup section */

/* Begin XCBuildConfiguration section */
		CAAFB737253B131900B26DE2 /* Debug */ = {
			isa = XCBuildConfiguration;
			buildSettings = {
				ALWAYS_SEARCH_USER_PATHS = NO;
				CLANG_ANALYZER_NONNULL = YES;
				CLANG_ANALYZER_NUMBER_OBJECT_CONVERSION = YES_AGGRESSIVE;
				CLANG_CXX_LANGUAGE_STANDARD = "gnu++14";
				CLANG_CXX_LIBRARY = "libc++";
				CLANG_ENABLE_MODULES = YES;
				CLANG_ENABLE_OBJC_ARC = YES;
				CLANG_ENABLE_OBJC_WEAK = YES;
				CLANG_WARN_BLOCK_CAPTURE_AUTORELEASING = YES;
				CLANG_WARN_BOOL_CONVERSION = YES;
				CLANG_WARN_COMMA = YES;
				CLANG_WARN_CONSTANT_CONVERSION = YES;
				CLANG_WARN_DEPRECATED_OBJC_IMPLEMENTATIONS = YES;
				CLANG_WARN_DIRECT_OBJC_ISA_USAGE = YES_ERROR;
				CLANG_WARN_DOCUMENTATION_COMMENTS = YES;
				CLANG_WARN_EMPTY_BODY = YES;
				CLANG_WARN_ENUM_CONVERSION = YES;
				CLANG_WARN_INFINITE_RECURSION = YES;
				CLANG_WARN_INT_CONVERSION = YES;
				CLANG_WARN_NON_LITERAL_NULL_CONVERSION = YES;
				CLANG_WARN_OBJC_IMPLICIT_RETAIN_SELF = YES;
				CLANG_WARN_OBJC_LITERAL_CONVERSION = YES;
				CLANG_WARN_OBJC_ROOT_CLASS = YES_ERROR;
				CLANG_WARN_QUOTED_INCLUDE_IN_FRAMEWORK_HEADER = YES;
				CLANG_WARN_RANGE_LOOP_ANALYSIS = YES;
				CLANG_WARN_STRICT_PROTOTYPES = YES;
				CLANG_WARN_SUSPICIOUS_MOVE = YES;
				CLANG_WARN_UNGUARDED_AVAILABILITY = YES_AGGRESSIVE;
				CLANG_WARN_UNREACHABLE_CODE = YES;
				CLANG_WARN__DUPLICATE_METHOD_MATCH = YES;
				COPY_PHASE_STRIP = NO;
				DEBUG_INFORMATION_FORMAT = dwarf;
				ENABLE_STRICT_OBJC_MSGSEND = YES;
				ENABLE_TESTABILITY = YES;
				GCC_C_LANGUAGE_STANDARD = gnu11;
				GCC_DYNAMIC_NO_PIC = NO;
				GCC_NO_COMMON_BLOCKS = YES;
				GCC_OPTIMIZATION_LEVEL = 0;
				GCC_PREPROCESSOR_DEFINITIONS = (
					"DEBUG=1",
					"$(inherited)",
				);
				GCC_WARN_64_TO_32_BIT_CONVERSION = YES;
				GCC_WARN_ABOUT_RETURN_TYPE = YES_ERROR;
				GCC_WARN_UNDECLARED_SELECTOR = YES;
				GCC_WARN_UNINITIALIZED_AUTOS = YES_AGGRESSIVE;
				GCC_WARN_UNUSED_FUNCTION = YES;
				GCC_WARN_UNUSED_VARIABLE = YES;
				IPHONEOS_DEPLOYMENT_TARGET = 14.0;
				MTL_ENABLE_DEBUG_INFO = INCLUDE_SOURCE;
				MTL_FAST_MATH = YES;
				ONLY_ACTIVE_ARCH = YES;
				SDKROOT = iphoneos;
				SWIFT_ACTIVE_COMPILATION_CONDITIONS = DEBUG;
				SWIFT_OPTIMIZATION_LEVEL = "-Onone";
			};
			name = Debug;
		};
		CAAFB738253B131900B26DE2 /* Release */ = {
			isa = XCBuildConfiguration;
			buildSettings = {
				ALWAYS_SEARCH_USER_PATHS = NO;
				CLANG_ANALYZER_NONNULL = YES;
				CLANG_ANALYZER_NUMBER_OBJECT_CONVERSION = YES_AGGRESSIVE;
				CLANG_CXX_LANGUAGE_STANDARD = "gnu++14";
				CLANG_CXX_LIBRARY = "libc++";
				CLANG_ENABLE_MODULES = YES;
				CLANG_ENABLE_OBJC_ARC = YES;
				CLANG_ENABLE_OBJC_WEAK = YES;
				CLANG_WARN_BLOCK_CAPTURE_AUTORELEASING = YES;
				CLANG_WARN_BOOL_CONVERSION = YES;
				CLANG_WARN_COMMA = YES;
				CLANG_WARN_CONSTANT_CONVERSION = YES;
				CLANG_WARN_DEPRECATED_OBJC_IMPLEMENTATIONS = YES;
				CLANG_WARN_DIRECT_OBJC_ISA_USAGE = YES_ERROR;
				CLANG_WARN_DOCUMENTATION_COMMENTS = YES;
				CLANG_WARN_EMPTY_BODY = YES;
				CLANG_WARN_ENUM_CONVERSION = YES;
				CLANG_WARN_INFINITE_RECURSION = YES;
				CLANG_WARN_INT_CONVERSION = YES;
				CLANG_WARN_NON_LITERAL_NULL_CONVERSION = YES;
				CLANG_WARN_OBJC_IMPLICIT_RETAIN_SELF = YES;
				CLANG_WARN_OBJC_LITERAL_CONVERSION = YES;
				CLANG_WARN_OBJC_ROOT_CLASS = YES_ERROR;
				CLANG_WARN_QUOTED_INCLUDE_IN_FRAMEWORK_HEADER = YES;
				CLANG_WARN_RANGE_LOOP_ANALYSIS = YES;
				CLANG_WARN_STRICT_PROTOTYPES = YES;
				CLANG_WARN_SUSPICIOUS_MOVE = YES;
				CLANG_WARN_UNGUARDED_AVAILABILITY = YES_AGGRESSIVE;
				CLANG_WARN_UNREACHABLE_CODE = YES;
				CLANG_WARN__DUPLICATE_METHOD_MATCH = YES;
				COPY_PHASE_STRIP = NO;
				DEBUG_INFORMATION_FORMAT = "dwarf-with-dsym";
				ENABLE_NS_ASSERTIONS = NO;
				ENABLE_STRICT_OBJC_MSGSEND = YES;
				GCC_C_LANGUAGE_STANDARD = gnu11;
				GCC_NO_COMMON_BLOCKS = YES;
				GCC_WARN_64_TO_32_BIT_CONVERSION = YES;
				GCC_WARN_ABOUT_RETURN_TYPE = YES_ERROR;
				GCC_WARN_UNDECLARED_SELECTOR = YES;
				GCC_WARN_UNINITIALIZED_AUTOS = YES_AGGRESSIVE;
				GCC_WARN_UNUSED_FUNCTION = YES;
				GCC_WARN_UNUSED_VARIABLE = YES;
				IPHONEOS_DEPLOYMENT_TARGET = 14.0;
				MTL_ENABLE_DEBUG_INFO = NO;
				MTL_FAST_MATH = YES;
				SDKROOT = iphoneos;
				SWIFT_COMPILATION_MODE = wholemodule;
				SWIFT_OPTIMIZATION_LEVEL = "-O";
				VALIDATE_PRODUCT = YES;
			};
			name = Release;
		};
		CAAFB73A253B131900B26DE2 /* Debug */ = {
			isa = XCBuildConfiguration;
			buildSettings = {
				ALWAYS_EMBED_SWIFT_STANDARD_LIBRARIES = YES;
				ASSETCATALOG_COMPILER_APPICON_NAME = AppIcon;
				ASSETCATALOG_COMPILER_GLOBAL_ACCENT_COLOR_NAME = AccentColor;
				CODE_SIGN_ENTITLEMENTS = "spajam-final-product/spajam-final-product.entitlements";
				CODE_SIGN_IDENTITY = "iPhone Developer";
				CODE_SIGN_STYLE = Manual;
				DEVELOPMENT_TEAM = 2X6AD4W323;
				INFOPLIST_FILE = "spajam-final-product/Info.plist";
				LD_RUNPATH_SEARCH_PATHS = (
					"$(inherited)",
					"@executable_path/Frameworks",
				);
				PRODUCT_BUNDLE_IDENTIFIER = "com.litech.spajam-final-product";
				PRODUCT_NAME = "$(TARGET_NAME)";
				PROVISIONING_PROFILE_SPECIFIER = "spajam-final-product";
				SWIFT_VERSION = 5.0;
				TARGETED_DEVICE_FAMILY = "1,2";
			};
			name = Debug;
		};
		CAAFB73B253B131900B26DE2 /* Release */ = {
			isa = XCBuildConfiguration;
			buildSettings = {
				ALWAYS_EMBED_SWIFT_STANDARD_LIBRARIES = YES;
				ASSETCATALOG_COMPILER_APPICON_NAME = AppIcon;
				ASSETCATALOG_COMPILER_GLOBAL_ACCENT_COLOR_NAME = AccentColor;
				CODE_SIGN_ENTITLEMENTS = "spajam-final-product/spajam-final-product.entitlements";
				CODE_SIGN_IDENTITY = "iPhone Developer";
				CODE_SIGN_STYLE = Manual;
				DEVELOPMENT_TEAM = 2X6AD4W323;
				INFOPLIST_FILE = "spajam-final-product/Info.plist";
				LD_RUNPATH_SEARCH_PATHS = (
					"$(inherited)",
					"@executable_path/Frameworks",
				);
				PRODUCT_BUNDLE_IDENTIFIER = "com.litech.spajam-final-product";
				PRODUCT_NAME = "$(TARGET_NAME)";
				PROVISIONING_PROFILE_SPECIFIER = "spajam-final-product";
				SWIFT_VERSION = 5.0;
				TARGETED_DEVICE_FAMILY = "1,2";
			};
			name = Release;
		};
		D3816B7B2556845B0069BF53 /* Debug */ = {
			isa = XCBuildConfiguration;
			buildSettings = {
				ASSETCATALOG_COMPILER_APPICON_NAME = AppIcon;
				ASSETCATALOG_COMPILER_GLOBAL_ACCENT_COLOR_NAME = AccentColor;
				CODE_SIGN_ENTITLEMENTS = "spajam-final-product-clip/spajam_final_product_clip.entitlements";
				CODE_SIGN_IDENTITY = "iPhone Developer";
				CODE_SIGN_STYLE = Manual;
				DEVELOPMENT_TEAM = 2X6AD4W323;
				INFOPLIST_FILE = "spajam-final-product-clip/Info.plist";
				IPHONEOS_DEPLOYMENT_TARGET = 14.1;
				LD_RUNPATH_SEARCH_PATHS = (
					"$(inherited)",
					"@executable_path/Frameworks",
				);
				PRODUCT_BUNDLE_IDENTIFIER = "com.litech.spajam-final-product.Clip";
				PRODUCT_NAME = "$(TARGET_NAME)";
				PROVISIONING_PROFILE_SPECIFIER = "spajam-final-product-clip";
				SWIFT_VERSION = 5.0;
				TARGETED_DEVICE_FAMILY = "1,2";
			};
			name = Debug;
		};
		D3816B7C2556845B0069BF53 /* Release */ = {
			isa = XCBuildConfiguration;
			buildSettings = {
				ASSETCATALOG_COMPILER_APPICON_NAME = AppIcon;
				ASSETCATALOG_COMPILER_GLOBAL_ACCENT_COLOR_NAME = AccentColor;
				CODE_SIGN_ENTITLEMENTS = "spajam-final-product-clip/spajam_final_product_clip.entitlements";
				CODE_SIGN_IDENTITY = "iPhone Developer";
				CODE_SIGN_STYLE = Manual;
				DEVELOPMENT_TEAM = 2X6AD4W323;
				INFOPLIST_FILE = "spajam-final-product-clip/Info.plist";
				IPHONEOS_DEPLOYMENT_TARGET = 14.1;
				LD_RUNPATH_SEARCH_PATHS = (
					"$(inherited)",
					"@executable_path/Frameworks",
				);
				PRODUCT_BUNDLE_IDENTIFIER = "com.litech.spajam-final-product.Clip";
				PRODUCT_NAME = "$(TARGET_NAME)";
				PROVISIONING_PROFILE_SPECIFIER = "spajam-final-product-clip";
				SWIFT_VERSION = 5.0;
				TARGETED_DEVICE_FAMILY = "1,2";
			};
			name = Release;
		};
/* End XCBuildConfiguration section */

/* Begin XCConfigurationList section */
		CAAFB720253B131600B26DE2 /* Build configuration list for PBXProject "spajam-final-product" */ = {
			isa = XCConfigurationList;
			buildConfigurations = (
				CAAFB737253B131900B26DE2 /* Debug */,
				CAAFB738253B131900B26DE2 /* Release */,
			);
			defaultConfigurationIsVisible = 0;
			defaultConfigurationName = Release;
		};
		CAAFB739253B131900B26DE2 /* Build configuration list for PBXNativeTarget "spajam-final-product" */ = {
			isa = XCConfigurationList;
			buildConfigurations = (
				CAAFB73A253B131900B26DE2 /* Debug */,
				CAAFB73B253B131900B26DE2 /* Release */,
			);
			defaultConfigurationIsVisible = 0;
			defaultConfigurationName = Release;
		};
		D3816B7A2556845B0069BF53 /* Build configuration list for PBXNativeTarget "spajam-final-product-clip" */ = {
			isa = XCConfigurationList;
			buildConfigurations = (
				D3816B7B2556845B0069BF53 /* Debug */,
				D3816B7C2556845B0069BF53 /* Release */,
			);
			defaultConfigurationIsVisible = 0;
			defaultConfigurationName = Release;
		};
/* End XCConfigurationList section */

/* Begin XCRemoteSwiftPackageReference section */
		CA286BFB2556C15100FADD71 /* XCRemoteSwiftPackageReference "Kingfisher" */ = {
			isa = XCRemoteSwiftPackageReference;
			repositoryURL = "https://github.com/onevcat/Kingfisher";
			requirement = {
				kind = upToNextMajorVersion;
				minimumVersion = 5.15.7;
			};
		};
		CA4185B7255691B2006433B8 /* XCRemoteSwiftPackageReference "RxSwift" */ = {
			isa = XCRemoteSwiftPackageReference;
			repositoryURL = "https://github.com/ReactiveX/RxSwift.git";
			requirement = {
				kind = upToNextMajorVersion;
				minimumVersion = 5.1.1;
			};
		};
		CA4185C4255695CB006433B8 /* XCRemoteSwiftPackageReference "Action" */ = {
			isa = XCRemoteSwiftPackageReference;
			repositoryURL = "https://github.com/RxSwiftCommunity/Action";
			requirement = {
				kind = upToNextMajorVersion;
				minimumVersion = 4.2.0;
			};
		};
		CA4185C9255695E8006433B8 /* XCRemoteSwiftPackageReference "Moya" */ = {
			isa = XCRemoteSwiftPackageReference;
			repositoryURL = "https://github.com/Moya/Moya.git";
			requirement = {
				kind = upToNextMajorVersion;
				minimumVersion = 14.0.0;
			};
		};
		CAFC4BA72554129900EC056A /* XCRemoteSwiftPackageReference "PKHUD" */ = {
			isa = XCRemoteSwiftPackageReference;
			repositoryURL = "https://github.com/pkluz/PKHUD.git";
			requirement = {
				kind = upToNextMajorVersion;
				minimumVersion = 5.4.0;
			};
		};
/* End XCRemoteSwiftPackageReference section */

/* Begin XCSwiftPackageProductDependency section */
		CA286BFC2556C15100FADD71 /* Kingfisher */ = {
			isa = XCSwiftPackageProductDependency;
			package = CA286BFB2556C15100FADD71 /* XCRemoteSwiftPackageReference "Kingfisher" */;
			productName = Kingfisher;
		};
		CA286C002556C16100FADD71 /* Kingfisher */ = {
			isa = XCSwiftPackageProductDependency;
			package = CA286BFB2556C15100FADD71 /* XCRemoteSwiftPackageReference "Kingfisher" */;
			productName = Kingfisher;
		};
		CA4185B8255691B2006433B8 /* RxSwift */ = {
			isa = XCSwiftPackageProductDependency;
			package = CA4185B7255691B2006433B8 /* XCRemoteSwiftPackageReference "RxSwift" */;
			productName = RxSwift;
		};
		CA4185BA255691B2006433B8 /* RxCocoa */ = {
			isa = XCSwiftPackageProductDependency;
			package = CA4185B7255691B2006433B8 /* XCRemoteSwiftPackageReference "RxSwift" */;
			productName = RxCocoa;
		};
		CA4185BC255691B2006433B8 /* RxRelay */ = {
			isa = XCSwiftPackageProductDependency;
			package = CA4185B7255691B2006433B8 /* XCRemoteSwiftPackageReference "RxSwift" */;
			productName = RxRelay;
		};
		CA4185C5255695CB006433B8 /* Action */ = {
			isa = XCSwiftPackageProductDependency;
			package = CA4185C4255695CB006433B8 /* XCRemoteSwiftPackageReference "Action" */;
			productName = Action;
		};
		CA4185CA255695E8006433B8 /* Moya */ = {
			isa = XCSwiftPackageProductDependency;
			package = CA4185C9255695E8006433B8 /* XCRemoteSwiftPackageReference "Moya" */;
			productName = Moya;
		};
		CA4185CC255695E8006433B8 /* RxMoya */ = {
			isa = XCSwiftPackageProductDependency;
			package = CA4185C9255695E8006433B8 /* XCRemoteSwiftPackageReference "Moya" */;
			productName = RxMoya;
		};
		CA4185D725569EE4006433B8 /* RxSwift */ = {
			isa = XCSwiftPackageProductDependency;
			package = CA4185B7255691B2006433B8 /* XCRemoteSwiftPackageReference "RxSwift" */;
			productName = RxSwift;
		};
		CA4185DD25569EE4006433B8 /* RxMoya */ = {
			isa = XCSwiftPackageProductDependency;
			package = CA4185C9255695E8006433B8 /* XCRemoteSwiftPackageReference "Moya" */;
			productName = RxMoya;
		};
		CAFC4BA82554129900EC056A /* PKHUD */ = {
			isa = XCSwiftPackageProductDependency;
			package = CAFC4BA72554129900EC056A /* XCRemoteSwiftPackageReference "PKHUD" */;
			productName = PKHUD;
		};
		D300636025569F5000944A15 /* RxCocoa */ = {
			isa = XCSwiftPackageProductDependency;
			package = CA4185B7255691B2006433B8 /* XCRemoteSwiftPackageReference "RxSwift" */;
			productName = RxCocoa;
		};
		D300636225569F5000944A15 /* RxRelay */ = {
			isa = XCSwiftPackageProductDependency;
			package = CA4185B7255691B2006433B8 /* XCRemoteSwiftPackageReference "RxSwift" */;
			productName = RxRelay;
		};
		D300636625569F5000944A15 /* Action */ = {
			isa = XCSwiftPackageProductDependency;
			package = CA4185C4255695CB006433B8 /* XCRemoteSwiftPackageReference "Action" */;
			productName = Action;
		};
		D300636825569F5000944A15 /* Moya */ = {
			isa = XCSwiftPackageProductDependency;
			package = CA4185C9255695E8006433B8 /* XCRemoteSwiftPackageReference "Moya" */;
			productName = Moya;
		};
		D3527A4E2556B79800836361 /* PKHUD */ = {
			isa = XCSwiftPackageProductDependency;
			package = CAFC4BA72554129900EC056A /* XCRemoteSwiftPackageReference "PKHUD" */;
			productName = PKHUD;
		};
/* End XCSwiftPackageProductDependency section */
	};
	rootObject = CAAFB71D253B131600B26DE2 /* Project object */;
}
