// !$*UTF8*$!
{
	archiveVersion = 1;
	classes = {
	};
	objectVersion = 52;
	objects = {

/* Begin PBXBuildFile section */
		CAAFB729253B131600B26DE2 /* AppDelegate.swift in Sources */ = {isa = PBXBuildFile; fileRef = CAAFB728253B131600B26DE2 /* AppDelegate.swift */; };
		CAAFB72B253B131600B26DE2 /* SceneDelegate.swift in Sources */ = {isa = PBXBuildFile; fileRef = CAAFB72A253B131600B26DE2 /* SceneDelegate.swift */; };
		CAAFB72D253B131600B26DE2 /* ViewController.swift in Sources */ = {isa = PBXBuildFile; fileRef = CAAFB72C253B131600B26DE2 /* ViewController.swift */; };
		CAAFB730253B131600B26DE2 /* Main.storyboard in Resources */ = {isa = PBXBuildFile; fileRef = CAAFB72E253B131600B26DE2 /* Main.storyboard */; };
		CAAFB732253B131900B26DE2 /* Assets.xcassets in Resources */ = {isa = PBXBuildFile; fileRef = CAAFB731253B131900B26DE2 /* Assets.xcassets */; };
		CAAFB735253B131900B26DE2 /* LaunchScreen.storyboard in Resources */ = {isa = PBXBuildFile; fileRef = CAAFB733253B131900B26DE2 /* LaunchScreen.storyboard */; };
		CAFC4B9F255411BF00EC056A /* Moya in Frameworks */ = {isa = PBXBuildFile; productRef = CAFC4B9E255411BF00EC056A /* Moya */; };
		CAFC4BA1255411BF00EC056A /* RxMoya in Frameworks */ = {isa = PBXBuildFile; productRef = CAFC4BA0255411BF00EC056A /* RxMoya */; };
		CAFC4BA52554120300EC056A /* Action in Frameworks */ = {isa = PBXBuildFile; productRef = CAFC4BA42554120300EC056A /* Action */; };
		CAFC4BA92554129900EC056A /* PKHUD in Frameworks */ = {isa = PBXBuildFile; productRef = CAFC4BA82554129900EC056A /* PKHUD */; };
		CAFC4BAD2554315D00EC056A /* DataGateway.swift in Sources */ = {isa = PBXBuildFile; fileRef = CAFC4BAC2554315D00EC056A /* DataGateway.swift */; };
		CAFC4BB0255431DD00EC056A /* DataGatewayAction.swift in Sources */ = {isa = PBXBuildFile; fileRef = CAFC4BAF255431DD00EC056A /* DataGatewayAction.swift */; };
		CAFC4BB32554320E00EC056A /* AppError.swift in Sources */ = {isa = PBXBuildFile; fileRef = CAFC4BB22554320E00EC056A /* AppError.swift */; };
		CAFC4BB8255432A800EC056A /* RxCocoa in Frameworks */ = {isa = PBXBuildFile; productRef = CAFC4BB7255432A800EC056A /* RxCocoa */; };
		CAFC4BBA255432A800EC056A /* RxRelay in Frameworks */ = {isa = PBXBuildFile; productRef = CAFC4BB9255432A800EC056A /* RxRelay */; };
		CAFC4BBC255432A800EC056A /* RxSwift in Frameworks */ = {isa = PBXBuildFile; productRef = CAFC4BBB255432A800EC056A /* RxSwift */; };
		CAFC4BD02554388D00EC056A /* ModelMockable.swift in Sources */ = {isa = PBXBuildFile; fileRef = CAFC4BCF2554388D00EC056A /* ModelMockable.swift */; };
/* End PBXBuildFile section */

/* Begin PBXFileReference section */
		CAAFB725253B131600B26DE2 /* spajam-final-product.app */ = {isa = PBXFileReference; explicitFileType = wrapper.application; includeInIndex = 0; path = "spajam-final-product.app"; sourceTree = BUILT_PRODUCTS_DIR; };
		CAAFB728253B131600B26DE2 /* AppDelegate.swift */ = {isa = PBXFileReference; lastKnownFileType = sourcecode.swift; path = AppDelegate.swift; sourceTree = "<group>"; };
		CAAFB72A253B131600B26DE2 /* SceneDelegate.swift */ = {isa = PBXFileReference; lastKnownFileType = sourcecode.swift; path = SceneDelegate.swift; sourceTree = "<group>"; };
		CAAFB72C253B131600B26DE2 /* ViewController.swift */ = {isa = PBXFileReference; lastKnownFileType = sourcecode.swift; path = ViewController.swift; sourceTree = "<group>"; };
		CAAFB72F253B131600B26DE2 /* Base */ = {isa = PBXFileReference; lastKnownFileType = file.storyboard; name = Base; path = Base.lproj/Main.storyboard; sourceTree = "<group>"; };
		CAAFB731253B131900B26DE2 /* Assets.xcassets */ = {isa = PBXFileReference; lastKnownFileType = folder.assetcatalog; path = Assets.xcassets; sourceTree = "<group>"; };
		CAAFB734253B131900B26DE2 /* Base */ = {isa = PBXFileReference; lastKnownFileType = file.storyboard; name = Base; path = Base.lproj/LaunchScreen.storyboard; sourceTree = "<group>"; };
		CAAFB736253B131900B26DE2 /* Info.plist */ = {isa = PBXFileReference; lastKnownFileType = text.plist.xml; path = Info.plist; sourceTree = "<group>"; };
		CAFC4BAC2554315D00EC056A /* DataGateway.swift */ = {isa = PBXFileReference; lastKnownFileType = sourcecode.swift; path = DataGateway.swift; sourceTree = "<group>"; };
		CAFC4BAF255431DD00EC056A /* DataGatewayAction.swift */ = {isa = PBXFileReference; lastKnownFileType = sourcecode.swift; path = DataGatewayAction.swift; sourceTree = "<group>"; };
		CAFC4BB22554320E00EC056A /* AppError.swift */ = {isa = PBXFileReference; lastKnownFileType = sourcecode.swift; path = AppError.swift; sourceTree = "<group>"; };
		CAFC4BCF2554388D00EC056A /* ModelMockable.swift */ = {isa = PBXFileReference; lastKnownFileType = sourcecode.swift; path = ModelMockable.swift; sourceTree = "<group>"; };
/* End PBXFileReference section */

/* Begin PBXFrameworksBuildPhase section */
		CAAFB722253B131600B26DE2 /* Frameworks */ = {
			isa = PBXFrameworksBuildPhase;
			buildActionMask = 2147483647;
			files = (
				CAFC4BBA255432A800EC056A /* RxRelay in Frameworks */,
				CAFC4BA92554129900EC056A /* PKHUD in Frameworks */,
				CAFC4B9F255411BF00EC056A /* Moya in Frameworks */,
				CAFC4BB8255432A800EC056A /* RxCocoa in Frameworks */,
				CAFC4BA52554120300EC056A /* Action in Frameworks */,
				CAFC4BA1255411BF00EC056A /* RxMoya in Frameworks */,
				CAFC4BBC255432A800EC056A /* RxSwift in Frameworks */,
			);
			runOnlyForDeploymentPostprocessing = 0;
		};
/* End PBXFrameworksBuildPhase section */

/* Begin PBXGroup section */
		CAAFB71C253B131600B26DE2 = {
			isa = PBXGroup;
			children = (
				CAAFB727253B131600B26DE2 /* spajam-final-product */,
				CAAFB726253B131600B26DE2 /* Products */,
			);
			sourceTree = "<group>";
		};
		CAAFB726253B131600B26DE2 /* Products */ = {
			isa = PBXGroup;
			children = (
				CAAFB725253B131600B26DE2 /* spajam-final-product.app */,
			);
			name = Products;
			sourceTree = "<group>";
		};
		CAAFB727253B131600B26DE2 /* spajam-final-product */ = {
			isa = PBXGroup;
			children = (
				CAFC4BC8255437C200EC056A /* Model */,
				CAFC4BBE2554331800EC056A /* API */,
				CAFC4BAB2554314400EC056A /* DataGateway */,
				CAAFB728253B131600B26DE2 /* AppDelegate.swift */,
				CAAFB72A253B131600B26DE2 /* SceneDelegate.swift */,
				CAAFB72C253B131600B26DE2 /* ViewController.swift */,
				CAAFB72E253B131600B26DE2 /* Main.storyboard */,
				CAAFB731253B131900B26DE2 /* Assets.xcassets */,
				CAAFB733253B131900B26DE2 /* LaunchScreen.storyboard */,
				CAAFB736253B131900B26DE2 /* Info.plist */,
				CAFC4BB22554320E00EC056A /* AppError.swift */,
			);
			path = "spajam-final-product";
			sourceTree = "<group>";
		};
		CAFC4BAB2554314400EC056A /* DataGateway */ = {
			isa = PBXGroup;
			children = (
				CAFC4BAC2554315D00EC056A /* DataGateway.swift */,
				CAFC4BAF255431DD00EC056A /* DataGatewayAction.swift */,
				CAFC4BD625543C3300EC056A /* DataGatewayAction */,
			);
			path = DataGateway;
			sourceTree = "<group>";
		};
		CAFC4BBE2554331800EC056A /* API */ = {
			isa = PBXGroup;
			children = (
			);
			path = API;
			sourceTree = "<group>";
		};
		CAFC4BC8255437C200EC056A /* Model */ = {
			isa = PBXGroup;
			children = (
				CAFC4BCF2554388D00EC056A /* ModelMockable.swift */,
			);
			path = Model;
			sourceTree = "<group>";
		};
		CAFC4BD625543C3300EC056A /* DataGatewayAction */ = {
			isa = PBXGroup;
			children = (
			);
			path = DataGatewayAction;
			sourceTree = "<group>";
		};
/* End PBXGroup section */

/* Begin PBXNativeTarget section */
		CAAFB724253B131600B26DE2 /* spajam-final-product */ = {
			isa = PBXNativeTarget;
			buildConfigurationList = CAAFB739253B131900B26DE2 /* Build configuration list for PBXNativeTarget "spajam-final-product" */;
			buildPhases = (
				CAAFB721253B131600B26DE2 /* Sources */,
				CAAFB722253B131600B26DE2 /* Frameworks */,
				CAAFB723253B131600B26DE2 /* Resources */,
			);
			buildRules = (
			);
			dependencies = (
			);
			name = "spajam-final-product";
			packageProductDependencies = (
				CAFC4B9E255411BF00EC056A /* Moya */,
				CAFC4BA0255411BF00EC056A /* RxMoya */,
				CAFC4BA42554120300EC056A /* Action */,
				CAFC4BA82554129900EC056A /* PKHUD */,
				CAFC4BB7255432A800EC056A /* RxCocoa */,
				CAFC4BB9255432A800EC056A /* RxRelay */,
				CAFC4BBB255432A800EC056A /* RxSwift */,
			);
			productName = "spajam-final-product";
			productReference = CAAFB725253B131600B26DE2 /* spajam-final-product.app */;
			productType = "com.apple.product-type.application";
		};
/* End PBXNativeTarget section */

/* Begin PBXProject section */
		CAAFB71D253B131600B26DE2 /* Project object */ = {
			isa = PBXProject;
			attributes = {
				LastSwiftUpdateCheck = 1200;
				LastUpgradeCheck = 1200;
				TargetAttributes = {
					CAAFB724253B131600B26DE2 = {
						CreatedOnToolsVersion = 12.0.1;
					};
				};
			};
			buildConfigurationList = CAAFB720253B131600B26DE2 /* Build configuration list for PBXProject "spajam-final-product" */;
			compatibilityVersion = "Xcode 9.3";
			developmentRegion = en;
			hasScannedForEncodings = 0;
			knownRegions = (
				en,
				Base,
			);
			mainGroup = CAAFB71C253B131600B26DE2;
			packageReferences = (
				CAFC4B9D255411BF00EC056A /* XCRemoteSwiftPackageReference "Moya" */,
				CAFC4BA32554120300EC056A /* XCRemoteSwiftPackageReference "Action" */,
				CAFC4BA72554129900EC056A /* XCRemoteSwiftPackageReference "PKHUD" */,
				CAFC4BB6255432A800EC056A /* XCRemoteSwiftPackageReference "RxSwift" */,
			);
			productRefGroup = CAAFB726253B131600B26DE2 /* Products */;
			projectDirPath = "";
			projectRoot = "";
			targets = (
				CAAFB724253B131600B26DE2 /* spajam-final-product */,
			);
		};
/* End PBXProject section */

/* Begin PBXResourcesBuildPhase section */
		CAAFB723253B131600B26DE2 /* Resources */ = {
			isa = PBXResourcesBuildPhase;
			buildActionMask = 2147483647;
			files = (
				CAAFB735253B131900B26DE2 /* LaunchScreen.storyboard in Resources */,
				CAAFB732253B131900B26DE2 /* Assets.xcassets in Resources */,
				CAAFB730253B131600B26DE2 /* Main.storyboard in Resources */,
			);
			runOnlyForDeploymentPostprocessing = 0;
		};
/* End PBXResourcesBuildPhase section */

/* Begin PBXSourcesBuildPhase section */
		CAAFB721253B131600B26DE2 /* Sources */ = {
			isa = PBXSourcesBuildPhase;
			buildActionMask = 2147483647;
			files = (
				CAFC4BAD2554315D00EC056A /* DataGateway.swift in Sources */,
				CAAFB72D253B131600B26DE2 /* ViewController.swift in Sources */,
				CAFC4BB32554320E00EC056A /* AppError.swift in Sources */,
				CAAFB729253B131600B26DE2 /* AppDelegate.swift in Sources */,
				CAAFB72B253B131600B26DE2 /* SceneDelegate.swift in Sources */,
				CAFC4BB0255431DD00EC056A /* DataGatewayAction.swift in Sources */,
				CAFC4BD02554388D00EC056A /* ModelMockable.swift in Sources */,
			);
			runOnlyForDeploymentPostprocessing = 0;
		};
/* End PBXSourcesBuildPhase section */

/* Begin PBXVariantGroup section */
		CAAFB72E253B131600B26DE2 /* Main.storyboard */ = {
			isa = PBXVariantGroup;
			children = (
				CAAFB72F253B131600B26DE2 /* Base */,
			);
			name = Main.storyboard;
			sourceTree = "<group>";
		};
		CAAFB733253B131900B26DE2 /* LaunchScreen.storyboard */ = {
			isa = PBXVariantGroup;
			children = (
				CAAFB734253B131900B26DE2 /* Base */,
			);
			name = LaunchScreen.storyboard;
			sourceTree = "<group>";
		};
/* End PBXVariantGroup section */

/* Begin XCBuildConfiguration section */
		CAAFB737253B131900B26DE2 /* Debug */ = {
			isa = XCBuildConfiguration;
			buildSettings = {
				ALWAYS_SEARCH_USER_PATHS = NO;
				CLANG_ANALYZER_NONNULL = YES;
				CLANG_ANALYZER_NUMBER_OBJECT_CONVERSION = YES_AGGRESSIVE;
				CLANG_CXX_LANGUAGE_STANDARD = "gnu++14";
				CLANG_CXX_LIBRARY = "libc++";
				CLANG_ENABLE_MODULES = YES;
				CLANG_ENABLE_OBJC_ARC = YES;
				CLANG_ENABLE_OBJC_WEAK = YES;
				CLANG_WARN_BLOCK_CAPTURE_AUTORELEASING = YES;
				CLANG_WARN_BOOL_CONVERSION = YES;
				CLANG_WARN_COMMA = YES;
				CLANG_WARN_CONSTANT_CONVERSION = YES;
				CLANG_WARN_DEPRECATED_OBJC_IMPLEMENTATIONS = YES;
				CLANG_WARN_DIRECT_OBJC_ISA_USAGE = YES_ERROR;
				CLANG_WARN_DOCUMENTATION_COMMENTS = YES;
				CLANG_WARN_EMPTY_BODY = YES;
				CLANG_WARN_ENUM_CONVERSION = YES;
				CLANG_WARN_INFINITE_RECURSION = YES;
				CLANG_WARN_INT_CONVERSION = YES;
				CLANG_WARN_NON_LITERAL_NULL_CONVERSION = YES;
				CLANG_WARN_OBJC_IMPLICIT_RETAIN_SELF = YES;
				CLANG_WARN_OBJC_LITERAL_CONVERSION = YES;
				CLANG_WARN_OBJC_ROOT_CLASS = YES_ERROR;
				CLANG_WARN_QUOTED_INCLUDE_IN_FRAMEWORK_HEADER = YES;
				CLANG_WARN_RANGE_LOOP_ANALYSIS = YES;
				CLANG_WARN_STRICT_PROTOTYPES = YES;
				CLANG_WARN_SUSPICIOUS_MOVE = YES;
				CLANG_WARN_UNGUARDED_AVAILABILITY = YES_AGGRESSIVE;
				CLANG_WARN_UNREACHABLE_CODE = YES;
				CLANG_WARN__DUPLICATE_METHOD_MATCH = YES;
				COPY_PHASE_STRIP = NO;
				DEBUG_INFORMATION_FORMAT = dwarf;
				ENABLE_STRICT_OBJC_MSGSEND = YES;
				ENABLE_TESTABILITY = YES;
				GCC_C_LANGUAGE_STANDARD = gnu11;
				GCC_DYNAMIC_NO_PIC = NO;
				GCC_NO_COMMON_BLOCKS = YES;
				GCC_OPTIMIZATION_LEVEL = 0;
				GCC_PREPROCESSOR_DEFINITIONS = (
					"DEBUG=1",
					"$(inherited)",
				);
				GCC_WARN_64_TO_32_BIT_CONVERSION = YES;
				GCC_WARN_ABOUT_RETURN_TYPE = YES_ERROR;
				GCC_WARN_UNDECLARED_SELECTOR = YES;
				GCC_WARN_UNINITIALIZED_AUTOS = YES_AGGRESSIVE;
				GCC_WARN_UNUSED_FUNCTION = YES;
				GCC_WARN_UNUSED_VARIABLE = YES;
				IPHONEOS_DEPLOYMENT_TARGET = 14.0;
				MTL_ENABLE_DEBUG_INFO = INCLUDE_SOURCE;
				MTL_FAST_MATH = YES;
				ONLY_ACTIVE_ARCH = YES;
				SDKROOT = iphoneos;
				SWIFT_ACTIVE_COMPILATION_CONDITIONS = DEBUG;
				SWIFT_OPTIMIZATION_LEVEL = "-Onone";
			};
			name = Debug;
		};
		CAAFB738253B131900B26DE2 /* Release */ = {
			isa = XCBuildConfiguration;
			buildSettings = {
				ALWAYS_SEARCH_USER_PATHS = NO;
				CLANG_ANALYZER_NONNULL = YES;
				CLANG_ANALYZER_NUMBER_OBJECT_CONVERSION = YES_AGGRESSIVE;
				CLANG_CXX_LANGUAGE_STANDARD = "gnu++14";
				CLANG_CXX_LIBRARY = "libc++";
				CLANG_ENABLE_MODULES = YES;
				CLANG_ENABLE_OBJC_ARC = YES;
				CLANG_ENABLE_OBJC_WEAK = YES;
				CLANG_WARN_BLOCK_CAPTURE_AUTORELEASING = YES;
				CLANG_WARN_BOOL_CONVERSION = YES;
				CLANG_WARN_COMMA = YES;
				CLANG_WARN_CONSTANT_CONVERSION = YES;
				CLANG_WARN_DEPRECATED_OBJC_IMPLEMENTATIONS = YES;
				CLANG_WARN_DIRECT_OBJC_ISA_USAGE = YES_ERROR;
				CLANG_WARN_DOCUMENTATION_COMMENTS = YES;
				CLANG_WARN_EMPTY_BODY = YES;
				CLANG_WARN_ENUM_CONVERSION = YES;
				CLANG_WARN_INFINITE_RECURSION = YES;
				CLANG_WARN_INT_CONVERSION = YES;
				CLANG_WARN_NON_LITERAL_NULL_CONVERSION = YES;
				CLANG_WARN_OBJC_IMPLICIT_RETAIN_SELF = YES;
				CLANG_WARN_OBJC_LITERAL_CONVERSION = YES;
				CLANG_WARN_OBJC_ROOT_CLASS = YES_ERROR;
				CLANG_WARN_QUOTED_INCLUDE_IN_FRAMEWORK_HEADER = YES;
				CLANG_WARN_RANGE_LOOP_ANALYSIS = YES;
				CLANG_WARN_STRICT_PROTOTYPES = YES;
				CLANG_WARN_SUSPICIOUS_MOVE = YES;
				CLANG_WARN_UNGUARDED_AVAILABILITY = YES_AGGRESSIVE;
				CLANG_WARN_UNREACHABLE_CODE = YES;
				CLANG_WARN__DUPLICATE_METHOD_MATCH = YES;
				COPY_PHASE_STRIP = NO;
				DEBUG_INFORMATION_FORMAT = "dwarf-with-dsym";
				ENABLE_NS_ASSERTIONS = NO;
				ENABLE_STRICT_OBJC_MSGSEND = YES;
				GCC_C_LANGUAGE_STANDARD = gnu11;
				GCC_NO_COMMON_BLOCKS = YES;
				GCC_WARN_64_TO_32_BIT_CONVERSION = YES;
				GCC_WARN_ABOUT_RETURN_TYPE = YES_ERROR;
				GCC_WARN_UNDECLARED_SELECTOR = YES;
				GCC_WARN_UNINITIALIZED_AUTOS = YES_AGGRESSIVE;
				GCC_WARN_UNUSED_FUNCTION = YES;
				GCC_WARN_UNUSED_VARIABLE = YES;
				IPHONEOS_DEPLOYMENT_TARGET = 14.0;
				MTL_ENABLE_DEBUG_INFO = NO;
				MTL_FAST_MATH = YES;
				SDKROOT = iphoneos;
				SWIFT_COMPILATION_MODE = wholemodule;
				SWIFT_OPTIMIZATION_LEVEL = "-O";
				VALIDATE_PRODUCT = YES;
			};
			name = Release;
		};
		CAAFB73A253B131900B26DE2 /* Debug */ = {
			isa = XCBuildConfiguration;
			buildSettings = {
				ASSETCATALOG_COMPILER_APPICON_NAME = AppIcon;
				ASSETCATALOG_COMPILER_GLOBAL_ACCENT_COLOR_NAME = AccentColor;
				CODE_SIGN_STYLE = Automatic;
				INFOPLIST_FILE = "spajam-final-product/Info.plist";
				LD_RUNPATH_SEARCH_PATHS = (
					"$(inherited)",
					"@executable_path/Frameworks",
				);
				PRODUCT_BUNDLE_IDENTIFIER = "com.litech.spajam-final-product";
				PRODUCT_NAME = "$(TARGET_NAME)";
				SWIFT_VERSION = 5.0;
				TARGETED_DEVICE_FAMILY = "1,2";
			};
			name = Debug;
		};
		CAAFB73B253B131900B26DE2 /* Release */ = {
			isa = XCBuildConfiguration;
			buildSettings = {
				ASSETCATALOG_COMPILER_APPICON_NAME = AppIcon;
				ASSETCATALOG_COMPILER_GLOBAL_ACCENT_COLOR_NAME = AccentColor;
				CODE_SIGN_STYLE = Automatic;
				INFOPLIST_FILE = "spajam-final-product/Info.plist";
				LD_RUNPATH_SEARCH_PATHS = (
					"$(inherited)",
					"@executable_path/Frameworks",
				);
				PRODUCT_BUNDLE_IDENTIFIER = "com.litech.spajam-final-product";
				PRODUCT_NAME = "$(TARGET_NAME)";
				SWIFT_VERSION = 5.0;
				TARGETED_DEVICE_FAMILY = "1,2";
			};
			name = Release;
		};
/* End XCBuildConfiguration section */

/* Begin XCConfigurationList section */
		CAAFB720253B131600B26DE2 /* Build configuration list for PBXProject "spajam-final-product" */ = {
			isa = XCConfigurationList;
			buildConfigurations = (
				CAAFB737253B131900B26DE2 /* Debug */,
				CAAFB738253B131900B26DE2 /* Release */,
			);
			defaultConfigurationIsVisible = 0;
			defaultConfigurationName = Release;
		};
		CAAFB739253B131900B26DE2 /* Build configuration list for PBXNativeTarget "spajam-final-product" */ = {
			isa = XCConfigurationList;
			buildConfigurations = (
				CAAFB73A253B131900B26DE2 /* Debug */,
				CAAFB73B253B131900B26DE2 /* Release */,
			);
			defaultConfigurationIsVisible = 0;
			defaultConfigurationName = Release;
		};
/* End XCConfigurationList section */

/* Begin XCRemoteSwiftPackageReference section */
		CAFC4B9D255411BF00EC056A /* XCRemoteSwiftPackageReference "Moya" */ = {
			isa = XCRemoteSwiftPackageReference;
			repositoryURL = "https://github.com/Moya/Moya.git";
			requirement = {
				kind = upToNextMajorVersion;
				minimumVersion = 14.0.0;
			};
		};
		CAFC4BA32554120300EC056A /* XCRemoteSwiftPackageReference "Action" */ = {
			isa = XCRemoteSwiftPackageReference;
			repositoryURL = "https://github.com/RxSwiftCommunity/Action";
			requirement = {
				kind = upToNextMajorVersion;
				minimumVersion = 4.2.0;
			};
		};
		CAFC4BA72554129900EC056A /* XCRemoteSwiftPackageReference "PKHUD" */ = {
			isa = XCRemoteSwiftPackageReference;
			repositoryURL = "https://github.com/pkluz/PKHUD.git";
			requirement = {
				kind = upToNextMajorVersion;
				minimumVersion = 5.4.0;
			};
		};
		CAFC4BB6255432A800EC056A /* XCRemoteSwiftPackageReference "RxSwift" */ = {
			isa = XCRemoteSwiftPackageReference;
			repositoryURL = "https://github.com/ReactiveX/RxSwift.git";
			requirement = {
				kind = upToNextMajorVersion;
				minimumVersion = 5.1.1;
			};
		};
/* End XCRemoteSwiftPackageReference section */

/* Begin XCSwiftPackageProductDependency section */
		CAFC4B9E255411BF00EC056A /* Moya */ = {
			isa = XCSwiftPackageProductDependency;
			package = CAFC4B9D255411BF00EC056A /* XCRemoteSwiftPackageReference "Moya" */;
			productName = Moya;
		};
		CAFC4BA0255411BF00EC056A /* RxMoya */ = {
			isa = XCSwiftPackageProductDependency;
			package = CAFC4B9D255411BF00EC056A /* XCRemoteSwiftPackageReference "Moya" */;
			productName = RxMoya;
		};
		CAFC4BA42554120300EC056A /* Action */ = {
			isa = XCSwiftPackageProductDependency;
			package = CAFC4BA32554120300EC056A /* XCRemoteSwiftPackageReference "Action" */;
			productName = Action;
		};
		CAFC4BA82554129900EC056A /* PKHUD */ = {
			isa = XCSwiftPackageProductDependency;
			package = CAFC4BA72554129900EC056A /* XCRemoteSwiftPackageReference "PKHUD" */;
			productName = PKHUD;
		};
		CAFC4BB7255432A800EC056A /* RxCocoa */ = {
			isa = XCSwiftPackageProductDependency;
			package = CAFC4BB6255432A800EC056A /* XCRemoteSwiftPackageReference "RxSwift" */;
			productName = RxCocoa;
		};
		CAFC4BB9255432A800EC056A /* RxRelay */ = {
			isa = XCSwiftPackageProductDependency;
			package = CAFC4BB6255432A800EC056A /* XCRemoteSwiftPackageReference "RxSwift" */;
			productName = RxRelay;
		};
		CAFC4BBB255432A800EC056A /* RxSwift */ = {
			isa = XCSwiftPackageProductDependency;
			package = CAFC4BB6255432A800EC056A /* XCRemoteSwiftPackageReference "RxSwift" */;
			productName = RxSwift;
		};
/* End XCSwiftPackageProductDependency section */
	};
	rootObject = CAAFB71D253B131600B26DE2 /* Project object */;
}
